
Microsoft Visual Studio Solution File, Format Version 12.00
# Visual Studio Version 16
VisualStudioVersion = 16.0.32106.194
MinimumVisualStudioVersion = 10.0.40219.1
Project("{FAE04EC0-301F-11D3-BF4B-00C04F79EFBC}") = "Practica-guia7", "Practica-guia7.csproj", "{87875A6D-84B4-4DE6-96C1-10D91C9D8115}"
EndProject
Global
	GlobalSection(SolutionConfigurationPlatforms) = preSolution
		Debug|Any CPU = Debug|Any CPU
		Release|Any CPU = Release|Any CPU
	EndGlobalSection
	GlobalSection(ProjectConfigurationPlatforms) = postSolution
		{87875A6D-84B4-4DE6-96C1-10D91C9D8115}.Debug|Any CPU.ActiveCfg = Debug|Any CPU
		{87875A6D-84B4-4DE6-96C1-10D91C9D8115}.Debug|Any CPU.Build.0 = Debug|Any CPU
		{87875A6D-84B4-4DE6-96C1-10D91C9D8115}.Release|Any CPU.ActiveCfg = Release|Any CPU
		{87875A6D-84B4-4DE6-96C1-10D91C9D8115}.Release|Any CPU.Build.0 = Release|Any CPU
	EndGlobalSection
	GlobalSection(SolutionProperties) = preSolution
		HideSolutionNode = FALSE
	EndGlobalSection
	GlobalSection(ExtensibilityGlobals) = postSolution
		SolutionGuid = {E49B503A-033B-4647-812D-7632EE52C95A}
	EndGlobalSection
EndGlobal
